{
  "lib/LayerZero-v2": {
    "rev": "88428755be6caa71cb1d2926141d73c8989296b5"
  },
  "lib/forge-std": {
    "branch": {
      "name": "master",
      "rev": "27ab851c7cde58b22cc4de426d59e23a31c5cb9c"
    }
  },
  "lib/murky": {
    "rev": "5feccd1253d7da820f7cccccdedf64471025455d"
  },
  "lib/openzeppelin-contracts": {
    "rev": "69c8def5f222ff96f2b5beff05dfba996368aa79"
  },
  "lib/solady": {
    "branch": {
      "name": "main",
      "rev": "73f13dd1483707ef6b4d16cb0543570b7e1715a8"
    }
  }
}