{
  "lib/forge-std": {
    "rev": "bf909b22fa55e244796dfa920c9639fdffa1c545"
  },
  "lib/devtools": {
    "rev": "01c1eaeb123e4364fbe96cdddf875640edf2566c"
  },
  "lib/murky": {
    "rev": "5feccd1253d7da820f7cccccdedf64471025455d"
  },
  "lib/LayerZero-v2": {
    "rev": "88428755be6caa71cb1d2926141d73c8989296b5"
  },
  "lib/openzeppelin-contracts": {
    "rev": "69c8def5f222ff96f2b5beff05dfba996368aa79"
  },
  "lib/solady": {
    "branch": {
      "name": "main",
      "rev": "271807270b1e14e541a231ff76a869accca7546d"
    }
  }
}